
Microsoft Visual Studio Solution File, Format Version 12.00
# Visual Studio Version 17
VisualStudioVersion = 17.1.32407.343
MinimumVisualStudioVersion = 10.0.40219.1
Project("{FAE04EC0-301F-11D3-BF4B-00C04F79EFBC}") = "PolymorphismExercise", "PolymorphismExercise.csproj", "{3CFE3F71-5856-49DB-8974-A5DE62BD0005}"
EndProject
Global
	GlobalSection(SolutionConfigurationPlatforms) = preSolution
		Debug|Any CPU = Debug|Any CPU
		Release|Any CPU = Release|Any CPU
	EndGlobalSection
	GlobalSection(ProjectConfigurationPlatforms) = postSolution
		{3CFE3F71-5856-49DB-8974-A5DE62BD0005}.Debug|Any CPU.ActiveCfg = Debug|Any CPU
		{3CFE3F71-5856-49DB-8974-A5DE62BD0005}.Debug|Any CPU.Build.0 = Debug|Any CPU
		{3CFE3F71-5856-49DB-8974-A5DE62BD0005}.Release|Any CPU.ActiveCfg = Release|Any CPU
		{3CFE3F71-5856-49DB-8974-A5DE62BD0005}.Release|Any CPU.Build.0 = Release|Any CPU
	EndGlobalSection
	GlobalSection(SolutionProperties) = preSolution
		HideSolutionNode = FALSE
	EndGlobalSection
	GlobalSection(ExtensibilityGlobals) = postSolution
		SolutionGuid = {A84278D3-DB69-4006-A0DE-7C3A53102520}
	EndGlobalSection
EndGlobal
